{
    "version": 3,
    "terraform_version": "0.11.8",
    "serial": 5,
    "lineage": "384c224a-6caa-1730-e8a4-2cbfa5c4b278",
    "modules": [
        {
            "path": [
                "root"
            ],
            "outputs": {},
            "resources": {
                "azcli_cosmos_collection.default": {
                    "type": "azcli_cosmos_collection",
                    "depends_on": [
                        "azcli_cosmos_database.default"
                    ],
                    "primary": {
                        "id": "mycollection",
                        "attributes": {
                            "cosmos_account_name": "abx",
                            "database_name": "testdatabase",
                            "id": "mycollection",
                            "name": "mycollection",
                            "resource_group_name": "terraform-provider",
                            "throughput": "500"
                        },
                        "meta": {},
                        "tainted": false
                    },
                    "deposed": [],
                    "provider": "provider.azcli"
                },
                "azcli_cosmos_database.default": {
                    "type": "azcli_cosmos_database",
                    "depends_on": [],
                    "primary": {
                        "id": "testdatabase",
                        "attributes": {
                            "cosmos_account_name": "abx",
                            "id": "testdatabase",
                            "name": "testdatabase",
                            "resource_group_name": "terraform-provider"
                        },
                        "meta": {},
                        "tainted": false
                    },
                    "deposed": [],
                    "provider": "provider.azcli"
                }
            },
            "depends_on": []
        }
    ]
}
